// !$*UTF8*$!
{
	archiveVersion = 1;
	classes = {
	};
	objectVersion = 48;
	objects = {

/* Begin PBXBuildFile section */
		1FBE0B8B20325CCB1C0873AF /* Pods_SwishTests.framework in Frameworks */ = {isa = PBXBuildFile; fileRef = C2E395CABE43F9CFB0CA72CA /* Pods_SwishTests.framework */; };
		9B31EC4D1F9F016A0079E653 /* Game.swift in Sources */ = {isa = PBXBuildFile; fileRef = 9B31EC4C1F9F016A0079E653 /* Game.swift */; };
		9B31EC501F9F0B7C0079E653 /* MainNavigationController.swift in Sources */ = {isa = PBXBuildFile; fileRef = 9B31EC4F1F9F0B7C0079E653 /* MainNavigationController.swift */; };
		9B31EC551F9F2BF00079E653 /* GamesViewController.swift in Sources */ = {isa = PBXBuildFile; fileRef = 9B31EC541F9F2BF00079E653 /* GamesViewController.swift */; };
		9B31EC571F9F2CFB0079E653 /* MainTabsViewController.swift in Sources */ = {isa = PBXBuildFile; fileRef = 9B31EC561F9F2CFB0079E653 /* MainTabsViewController.swift */; };
		9B31EC5A1F9F53170079E653 /* UIView.swift in Sources */ = {isa = PBXBuildFile; fileRef = 9B31EC591F9F53170079E653 /* UIView.swift */; };
		9B31EC5C1F9F54280079E653 /* GamesViewDataSource.swift in Sources */ = {isa = PBXBuildFile; fileRef = 9B31EC5B1F9F54280079E653 /* GamesViewDataSource.swift */; };
		9B31EC5E1F9F548C0079E653 /* GameCell.swift in Sources */ = {isa = PBXBuildFile; fileRef = 9B31EC5D1F9F548C0079E653 /* GameCell.swift */; };
		9B31EC601F9F54C10079E653 /* GamesView.swift in Sources */ = {isa = PBXBuildFile; fileRef = 9B31EC5F1F9F54C10079E653 /* GamesView.swift */; };
		9B31EC621F9F55660079E653 /* UICollectionView.swift in Sources */ = {isa = PBXBuildFile; fileRef = 9B31EC611F9F55660079E653 /* UICollectionView.swift */; };
		9B31EC641F9F56670079E653 /* UITableView.swift in Sources */ = {isa = PBXBuildFile; fileRef = 9B31EC631F9F56670079E653 /* UITableView.swift */; };
		9B96C7B11F9F9FCD00DB11C2 /* Generators.swift in Sources */ = {isa = PBXBuildFile; fileRef = 9B96C7B01F9F9FCD00DB11C2 /* Generators.swift */; };
		9B96C7B51F9FA8CE00DB11C2 /* GamesDataSource.swift in Sources */ = {isa = PBXBuildFile; fileRef = 9B96C7B41F9FA8CE00DB11C2 /* GamesDataSource.swift */; };
		9B96C7B81FA0A24C00DB11C2 /* GameDetailViewController.swift in Sources */ = {isa = PBXBuildFile; fileRef = 9B96C7B71FA0A24C00DB11C2 /* GameDetailViewController.swift */; };
		9B96C7BA1FA0A26300DB11C2 /* BoxScoreView.swift in Sources */ = {isa = PBXBuildFile; fileRef = 9B96C7B91FA0A26300DB11C2 /* BoxScoreView.swift */; };
		9B96C7BC1FA0A51600DB11C2 /* Utility.swift in Sources */ = {isa = PBXBuildFile; fileRef = 9B96C7BB1FA0A51600DB11C2 /* Utility.swift */; };
		9B96C7BE1FA1CC1800DB11C2 /* UIFont.swift in Sources */ = {isa = PBXBuildFile; fileRef = 9B96C7BD1FA1CC1800DB11C2 /* UIFont.swift */; };
		9B96C7C11FA1D51600DB11C2 /* SegmentedControl.swift in Sources */ = {isa = PBXBuildFile; fileRef = 9B96C7C01FA1D51600DB11C2 /* SegmentedControl.swift */; };
		9B96C7C41FA3435A00DB11C2 /* StandingsViewController.swift in Sources */ = {isa = PBXBuildFile; fileRef = 9B96C7C31FA3435A00DB11C2 /* StandingsViewController.swift */; };
		9BBD83EA1F9E7A2200D1C729 /* AppDelegate.swift in Sources */ = {isa = PBXBuildFile; fileRef = 9BBD83E91F9E7A2200D1C729 /* AppDelegate.swift */; };
		9BBD83F11F9E7A2200D1C729 /* Assets.xcassets in Resources */ = {isa = PBXBuildFile; fileRef = 9BBD83F01F9E7A2200D1C729 /* Assets.xcassets */; };
		9BBD83F41F9E7A2200D1C729 /* LaunchScreen.storyboard in Resources */ = {isa = PBXBuildFile; fileRef = 9BBD83F21F9E7A2200D1C729 /* LaunchScreen.storyboard */; };
		9BBD83FF1F9E7A2200D1C729 /* SwishTests.swift in Sources */ = {isa = PBXBuildFile; fileRef = 9BBD83FE1F9E7A2200D1C729 /* SwishTests.swift */; };
		9BBD840D1F9E7FDE00D1C729 /* Constants.swift in Sources */ = {isa = PBXBuildFile; fileRef = 9BBD840C1F9E7FDE00D1C729 /* Constants.swift */; };
		9BBD840F1F9E804800D1C729 /* FirebaseService.swift in Sources */ = {isa = PBXBuildFile; fileRef = 9BBD840E1F9E804800D1C729 /* FirebaseService.swift */; };
		9BBD84131F9E845D00D1C729 /* Errors.swift in Sources */ = {isa = PBXBuildFile; fileRef = 9BBD84111F9E828D00D1C729 /* Errors.swift */; };
		D2EB50E79A784EAC8B198AFE /* Pods_Swish.framework in Frameworks */ = {isa = PBXBuildFile; fileRef = 99AD86F2E780536124A84278 /* Pods_Swish.framework */; };
/* End PBXBuildFile section */

/* Begin PBXContainerItemProxy section */
		9BBD83FB1F9E7A2200D1C729 /* PBXContainerItemProxy */ = {
			isa = PBXContainerItemProxy;
			containerPortal = 9BBD83DE1F9E7A2100D1C729 /* Project object */;
			proxyType = 1;
			remoteGlobalIDString = 9BBD83E51F9E7A2100D1C729;
			remoteInfo = Swish;
		};
/* End PBXContainerItemProxy section */

/* Begin PBXFileReference section */
		00A22DB78ACB4B7423285E16 /* Pods-Swish.debug.xcconfig */ = {isa = PBXFileReference; includeInIndex = 1; lastKnownFileType = text.xcconfig; name = "Pods-Swish.debug.xcconfig"; path = "Pods/Target Support Files/Pods-Swish/Pods-Swish.debug.xcconfig"; sourceTree = "<group>"; };
		194B38EFDD86A8CCB4A7E2CD /* Pods-Swish.release.xcconfig */ = {isa = PBXFileReference; includeInIndex = 1; lastKnownFileType = text.xcconfig; name = "Pods-Swish.release.xcconfig"; path = "Pods/Target Support Files/Pods-Swish/Pods-Swish.release.xcconfig"; sourceTree = "<group>"; };
		667EC27DA0E3D17BBF1A3BF2 /* Pods-SwishTests.release.xcconfig */ = {isa = PBXFileReference; includeInIndex = 1; lastKnownFileType = text.xcconfig; name = "Pods-SwishTests.release.xcconfig"; path = "Pods/Target Support Files/Pods-SwishTests/Pods-SwishTests.release.xcconfig"; sourceTree = "<group>"; };
		70BB6D411EB04F8E8880F6D4 /* Pods-SwishTests.debug.xcconfig */ = {isa = PBXFileReference; includeInIndex = 1; lastKnownFileType = text.xcconfig; name = "Pods-SwishTests.debug.xcconfig"; path = "Pods/Target Support Files/Pods-SwishTests/Pods-SwishTests.debug.xcconfig"; sourceTree = "<group>"; };
		99AD86F2E780536124A84278 /* Pods_Swish.framework */ = {isa = PBXFileReference; explicitFileType = wrapper.framework; includeInIndex = 0; path = Pods_Swish.framework; sourceTree = BUILT_PRODUCTS_DIR; };
		9B31EC4C1F9F016A0079E653 /* Game.swift */ = {isa = PBXFileReference; lastKnownFileType = sourcecode.swift; path = Game.swift; sourceTree = "<group>"; };
		9B31EC4F1F9F0B7C0079E653 /* MainNavigationController.swift */ = {isa = PBXFileReference; lastKnownFileType = sourcecode.swift; path = MainNavigationController.swift; sourceTree = "<group>"; };
		9B31EC541F9F2BF00079E653 /* GamesViewController.swift */ = {isa = PBXFileReference; lastKnownFileType = sourcecode.swift; path = GamesViewController.swift; sourceTree = "<group>"; };
		9B31EC561F9F2CFB0079E653 /* MainTabsViewController.swift */ = {isa = PBXFileReference; lastKnownFileType = sourcecode.swift; path = MainTabsViewController.swift; sourceTree = "<group>"; };
		9B31EC591F9F53170079E653 /* UIView.swift */ = {isa = PBXFileReference; lastKnownFileType = sourcecode.swift; path = UIView.swift; sourceTree = "<group>"; };
		9B31EC5B1F9F54280079E653 /* GamesViewDataSource.swift */ = {isa = PBXFileReference; lastKnownFileType = sourcecode.swift; path = GamesViewDataSource.swift; sourceTree = "<group>"; };
		9B31EC5D1F9F548C0079E653 /* GameCell.swift */ = {isa = PBXFileReference; lastKnownFileType = sourcecode.swift; path = GameCell.swift; sourceTree = "<group>"; };
		9B31EC5F1F9F54C10079E653 /* GamesView.swift */ = {isa = PBXFileReference; lastKnownFileType = sourcecode.swift; path = GamesView.swift; sourceTree = "<group>"; };
		9B31EC611F9F55660079E653 /* UICollectionView.swift */ = {isa = PBXFileReference; lastKnownFileType = sourcecode.swift; path = UICollectionView.swift; sourceTree = "<group>"; };
		9B31EC631F9F56670079E653 /* UITableView.swift */ = {isa = PBXFileReference; lastKnownFileType = sourcecode.swift; path = UITableView.swift; sourceTree = "<group>"; };
		9B96C7B01F9F9FCD00DB11C2 /* Generators.swift */ = {isa = PBXFileReference; lastKnownFileType = sourcecode.swift; path = Generators.swift; sourceTree = "<group>"; };
		9B96C7B41F9FA8CE00DB11C2 /* GamesDataSource.swift */ = {isa = PBXFileReference; lastKnownFileType = sourcecode.swift; path = GamesDataSource.swift; sourceTree = "<group>"; };
		9B96C7B71FA0A24C00DB11C2 /* GameDetailViewController.swift */ = {isa = PBXFileReference; fileEncoding = 4; lastKnownFileType = sourcecode.swift; path = GameDetailViewController.swift; sourceTree = "<group>"; };
		9B96C7B91FA0A26300DB11C2 /* BoxScoreView.swift */ = {isa = PBXFileReference; lastKnownFileType = sourcecode.swift; path = BoxScoreView.swift; sourceTree = "<group>"; };
		9B96C7BB1FA0A51600DB11C2 /* Utility.swift */ = {isa = PBXFileReference; lastKnownFileType = sourcecode.swift; path = Utility.swift; sourceTree = "<group>"; };
		9B96C7BD1FA1CC1800DB11C2 /* UIFont.swift */ = {isa = PBXFileReference; lastKnownFileType = sourcecode.swift; path = UIFont.swift; sourceTree = "<group>"; };
		9B96C7C01FA1D51600DB11C2 /* SegmentedControl.swift */ = {isa = PBXFileReference; lastKnownFileType = sourcecode.swift; path = SegmentedControl.swift; sourceTree = "<group>"; };
		9B96C7C31FA3435A00DB11C2 /* StandingsViewController.swift */ = {isa = PBXFileReference; lastKnownFileType = sourcecode.swift; path = StandingsViewController.swift; sourceTree = "<group>"; };
		9BBD83E61F9E7A2100D1C729 /* Swish.app */ = {isa = PBXFileReference; explicitFileType = wrapper.application; includeInIndex = 0; path = Swish.app; sourceTree = BUILT_PRODUCTS_DIR; };
		9BBD83E91F9E7A2200D1C729 /* AppDelegate.swift */ = {isa = PBXFileReference; lastKnownFileType = sourcecode.swift; path = AppDelegate.swift; sourceTree = "<group>"; };
		9BBD83F01F9E7A2200D1C729 /* Assets.xcassets */ = {isa = PBXFileReference; lastKnownFileType = folder.assetcatalog; path = Assets.xcassets; sourceTree = "<group>"; };
		9BBD83F31F9E7A2200D1C729 /* Base */ = {isa = PBXFileReference; lastKnownFileType = file.storyboard; name = Base; path = Base.lproj/LaunchScreen.storyboard; sourceTree = "<group>"; };
		9BBD83F51F9E7A2200D1C729 /* Info.plist */ = {isa = PBXFileReference; lastKnownFileType = text.plist.xml; path = Info.plist; sourceTree = "<group>"; };
		9BBD83FA1F9E7A2200D1C729 /* SwishTests.xctest */ = {isa = PBXFileReference; explicitFileType = wrapper.cfbundle; includeInIndex = 0; path = SwishTests.xctest; sourceTree = BUILT_PRODUCTS_DIR; };
		9BBD83FE1F9E7A2200D1C729 /* SwishTests.swift */ = {isa = PBXFileReference; lastKnownFileType = sourcecode.swift; path = SwishTests.swift; sourceTree = "<group>"; };
		9BBD84001F9E7A2200D1C729 /* Info.plist */ = {isa = PBXFileReference; lastKnownFileType = text.plist.xml; path = Info.plist; sourceTree = "<group>"; };
		9BBD840C1F9E7FDE00D1C729 /* Constants.swift */ = {isa = PBXFileReference; lastKnownFileType = sourcecode.swift; path = Constants.swift; sourceTree = "<group>"; };
		9BBD840E1F9E804800D1C729 /* FirebaseService.swift */ = {isa = PBXFileReference; lastKnownFileType = sourcecode.swift; path = FirebaseService.swift; sourceTree = "<group>"; };
		9BBD84111F9E828D00D1C729 /* Errors.swift */ = {isa = PBXFileReference; lastKnownFileType = sourcecode.swift; path = Errors.swift; sourceTree = "<group>"; };
		C2E395CABE43F9CFB0CA72CA /* Pods_SwishTests.framework */ = {isa = PBXFileReference; explicitFileType = wrapper.framework; includeInIndex = 0; path = Pods_SwishTests.framework; sourceTree = BUILT_PRODUCTS_DIR; };
/* End PBXFileReference section */

/* Begin PBXFrameworksBuildPhase section */
		9BBD83E31F9E7A2100D1C729 /* Frameworks */ = {
			isa = PBXFrameworksBuildPhase;
			buildActionMask = 2147483647;
			files = (
				D2EB50E79A784EAC8B198AFE /* Pods_Swish.framework in Frameworks */,
			);
			runOnlyForDeploymentPostprocessing = 0;
		};
		9BBD83F71F9E7A2200D1C729 /* Frameworks */ = {
			isa = PBXFrameworksBuildPhase;
			buildActionMask = 2147483647;
			files = (
				1FBE0B8B20325CCB1C0873AF /* Pods_SwishTests.framework in Frameworks */,
			);
			runOnlyForDeploymentPostprocessing = 0;
		};
/* End PBXFrameworksBuildPhase section */

/* Begin PBXGroup section */
		262A55912B11FFF0E315AD7C /* Pods */ = {
			isa = PBXGroup;
			children = (
				00A22DB78ACB4B7423285E16 /* Pods-Swish.debug.xcconfig */,
				194B38EFDD86A8CCB4A7E2CD /* Pods-Swish.release.xcconfig */,
				70BB6D411EB04F8E8880F6D4 /* Pods-SwishTests.debug.xcconfig */,
				667EC27DA0E3D17BBF1A3BF2 /* Pods-SwishTests.release.xcconfig */,
			);
			name = Pods;
			sourceTree = "<group>";
		};
		9B31EC4B1F9F01510079E653 /* Models */ = {
			isa = PBXGroup;
			children = (
				9B31EC4C1F9F016A0079E653 /* Game.swift */,
			);
			path = Models;
			sourceTree = "<group>";
		};
		9B31EC4E1F9F0B5C0079E653 /* Views */ = {
			isa = PBXGroup;
			children = (
				9B31EC561F9F2CFB0079E653 /* MainTabsViewController.swift */,
				9B31EC4F1F9F0B7C0079E653 /* MainNavigationController.swift */,
				9B31EC531F9F2BEA0079E653 /* Games */,
				9B96C7C21FA3434400DB11C2 /* Standings */,
				9B96C7BF1FA1D4FA00DB11C2 /* Aux */,
			);
			path = Views;
			sourceTree = "<group>";
		};
		9B31EC531F9F2BEA0079E653 /* Games */ = {
			isa = PBXGroup;
			children = (
				9B31EC541F9F2BF00079E653 /* GamesViewController.swift */,
				9B96C7B41F9FA8CE00DB11C2 /* GamesDataSource.swift */,
				9B31EC5B1F9F54280079E653 /* GamesViewDataSource.swift */,
				9B31EC5F1F9F54C10079E653 /* GamesView.swift */,
				9B31EC5D1F9F548C0079E653 /* GameCell.swift */,
				9B96C7B61FA0A24C00DB11C2 /* Detail */,
			);
			path = Games;
			sourceTree = "<group>";
		};
		9B31EC581F9F530C0079E653 /* Extensions */ = {
			isa = PBXGroup;
			children = (
				9B31EC591F9F53170079E653 /* UIView.swift */,
				9B31EC611F9F55660079E653 /* UICollectionView.swift */,
				9B96C7BD1FA1CC1800DB11C2 /* UIFont.swift */,
				9B31EC631F9F56670079E653 /* UITableView.swift */,
			);
			path = Extensions;
			sourceTree = "<group>";
		};
		9B96C7B61FA0A24C00DB11C2 /* Detail */ = {
			isa = PBXGroup;
			children = (
				9B96C7B71FA0A24C00DB11C2 /* GameDetailViewController.swift */,
				9B96C7B91FA0A26300DB11C2 /* BoxScoreView.swift */,
			);
			path = Detail;
			sourceTree = "<group>";
		};
		9B96C7BF1FA1D4FA00DB11C2 /* Aux */ = {
			isa = PBXGroup;
			children = (
				9B96C7C01FA1D51600DB11C2 /* SegmentedControl.swift */,
			);
			path = Aux;
			sourceTree = "<group>";
		};
		9B96C7C21FA3434400DB11C2 /* Standings */ = {
			isa = PBXGroup;
			children = (
				9B96C7C31FA3435A00DB11C2 /* StandingsViewController.swift */,
			);
			path = Standings;
			sourceTree = "<group>";
		};
		9BBD83DD1F9E7A2100D1C729 = {
			isa = PBXGroup;
			children = (
				9BBD83E81F9E7A2200D1C729 /* Swish */,
				9BBD83FD1F9E7A2200D1C729 /* SwishTests */,
				9BBD83E71F9E7A2100D1C729 /* Products */,
				262A55912B11FFF0E315AD7C /* Pods */,
				F3C2A35D2224BB6E0D82C700 /* Frameworks */,
			);
			sourceTree = "<group>";
		};
		9BBD83E71F9E7A2100D1C729 /* Products */ = {
			isa = PBXGroup;
			children = (
				9BBD83E61F9E7A2100D1C729 /* Swish.app */,
				9BBD83FA1F9E7A2200D1C729 /* SwishTests.xctest */,
			);
			name = Products;
			sourceTree = "<group>";
		};
		9BBD83E81F9E7A2200D1C729 /* Swish */ = {
			isa = PBXGroup;
			children = (
				9B31EC4E1F9F0B5C0079E653 /* Views */,
				9B31EC4B1F9F01510079E653 /* Models */,
				9BBD840B1F9E7FCE00D1C729 /* Services */,
				9BBD83E91F9E7A2200D1C729 /* AppDelegate.swift */,
				9BBD84101F9E825F00D1C729 /* Supporting Files */,
				9BBD83F01F9E7A2200D1C729 /* Assets.xcassets */,
				9BBD83F21F9E7A2200D1C729 /* LaunchScreen.storyboard */,
				9BBD83F51F9E7A2200D1C729 /* Info.plist */,
			);
			path = Swish;
			sourceTree = "<group>";
		};
		9BBD83FD1F9E7A2200D1C729 /* SwishTests */ = {
			isa = PBXGroup;
			children = (
				9BBD83FE1F9E7A2200D1C729 /* SwishTests.swift */,
				9BBD84001F9E7A2200D1C729 /* Info.plist */,
			);
			path = SwishTests;
			sourceTree = "<group>";
		};
		9BBD840B1F9E7FCE00D1C729 /* Services */ = {
			isa = PBXGroup;
			children = (
				9BBD840E1F9E804800D1C729 /* FirebaseService.swift */,
			);
			path = Services;
			sourceTree = "<group>";
		};
		9BBD84101F9E825F00D1C729 /* Supporting Files */ = {
			isa = PBXGroup;
			children = (
				9B31EC581F9F530C0079E653 /* Extensions */,
				9BBD840C1F9E7FDE00D1C729 /* Constants.swift */,
				9BBD84111F9E828D00D1C729 /* Errors.swift */,
				9B96C7B01F9F9FCD00DB11C2 /* Generators.swift */,
				9B96C7BB1FA0A51600DB11C2 /* Utility.swift */,
			);
			path = "Supporting Files";
			sourceTree = "<group>";
		};
		F3C2A35D2224BB6E0D82C700 /* Frameworks */ = {
			isa = PBXGroup;
			children = (
				99AD86F2E780536124A84278 /* Pods_Swish.framework */,
				C2E395CABE43F9CFB0CA72CA /* Pods_SwishTests.framework */,
			);
			name = Frameworks;
			sourceTree = "<group>";
		};
/* End PBXGroup section */

/* Begin PBXNativeTarget section */
		9BBD83E51F9E7A2100D1C729 /* Swish */ = {
			isa = PBXNativeTarget;
			buildConfigurationList = 9BBD84031F9E7A2200D1C729 /* Build configuration list for PBXNativeTarget "Swish" */;
			buildPhases = (
				372B7BE38D14B79BEA298787 /* [CP] Check Pods Manifest.lock */,
				9BBD83E21F9E7A2100D1C729 /* Sources */,
				9BBD83E31F9E7A2100D1C729 /* Frameworks */,
				9BBD83E41F9E7A2100D1C729 /* Resources */,
				1107943EAE28F48C811007F4 /* [CP] Embed Pods Frameworks */,
				98369D41199D97E5E8980F68 /* [CP] Copy Pods Resources */,
			);
			buildRules = (
			);
			dependencies = (
			);
			name = Swish;
			productName = Swish;
			productReference = 9BBD83E61F9E7A2100D1C729 /* Swish.app */;
			productType = "com.apple.product-type.application";
		};
		9BBD83F91F9E7A2200D1C729 /* SwishTests */ = {
			isa = PBXNativeTarget;
			buildConfigurationList = 9BBD84061F9E7A2200D1C729 /* Build configuration list for PBXNativeTarget "SwishTests" */;
			buildPhases = (
				1628CA79A359E7589A8FBA9F /* [CP] Check Pods Manifest.lock */,
				9BBD83F61F9E7A2200D1C729 /* Sources */,
				9BBD83F71F9E7A2200D1C729 /* Frameworks */,
				9BBD83F81F9E7A2200D1C729 /* Resources */,
				0317C4C5099F53331E75216F /* [CP] Embed Pods Frameworks */,
				2FD64441648C5D782FC3E94D /* [CP] Copy Pods Resources */,
			);
			buildRules = (
			);
			dependencies = (
				9BBD83FC1F9E7A2200D1C729 /* PBXTargetDependency */,
			);
			name = SwishTests;
			productName = SwishTests;
			productReference = 9BBD83FA1F9E7A2200D1C729 /* SwishTests.xctest */;
			productType = "com.apple.product-type.bundle.unit-test";
		};
/* End PBXNativeTarget section */

/* Begin PBXProject section */
		9BBD83DE1F9E7A2100D1C729 /* Project object */ = {
			isa = PBXProject;
			attributes = {
				LastSwiftUpdateCheck = 0900;
				LastUpgradeCheck = 0900;
				ORGANIZATIONNAME = "Jacob Benton";
				TargetAttributes = {
					9BBD83E51F9E7A2100D1C729 = {
						CreatedOnToolsVersion = 9.0;
						ProvisioningStyle = Automatic;
					};
					9BBD83F91F9E7A2200D1C729 = {
						CreatedOnToolsVersion = 9.0;
						ProvisioningStyle = Automatic;
						TestTargetID = 9BBD83E51F9E7A2100D1C729;
					};
				};
			};
			buildConfigurationList = 9BBD83E11F9E7A2100D1C729 /* Build configuration list for PBXProject "Swish" */;
			compatibilityVersion = "Xcode 8.0";
			developmentRegion = en;
			hasScannedForEncodings = 0;
			knownRegions = (
				en,
				Base,
			);
			mainGroup = 9BBD83DD1F9E7A2100D1C729;
			productRefGroup = 9BBD83E71F9E7A2100D1C729 /* Products */;
			projectDirPath = "";
			projectRoot = "";
			targets = (
				9BBD83E51F9E7A2100D1C729 /* Swish */,
				9BBD83F91F9E7A2200D1C729 /* SwishTests */,
			);
		};
/* End PBXProject section */

/* Begin PBXResourcesBuildPhase section */
		9BBD83E41F9E7A2100D1C729 /* Resources */ = {
			isa = PBXResourcesBuildPhase;
			buildActionMask = 2147483647;
			files = (
				9BBD83F41F9E7A2200D1C729 /* LaunchScreen.storyboard in Resources */,
				9BBD83F11F9E7A2200D1C729 /* Assets.xcassets in Resources */,
			);
			runOnlyForDeploymentPostprocessing = 0;
		};
		9BBD83F81F9E7A2200D1C729 /* Resources */ = {
			isa = PBXResourcesBuildPhase;
			buildActionMask = 2147483647;
			files = (
			);
			runOnlyForDeploymentPostprocessing = 0;
		};
/* End PBXResourcesBuildPhase section */

/* Begin PBXShellScriptBuildPhase section */
		0317C4C5099F53331E75216F /* [CP] Embed Pods Frameworks */ = {
			isa = PBXShellScriptBuildPhase;
			buildActionMask = 2147483647;
			files = (
			);
			inputPaths = (
			);
			name = "[CP] Embed Pods Frameworks";
			outputPaths = (
			);
			runOnlyForDeploymentPostprocessing = 0;
			shellPath = /bin/sh;
			shellScript = "\"${SRCROOT}/Pods/Target Support Files/Pods-SwishTests/Pods-SwishTests-frameworks.sh\"\n";
			showEnvVarsInLog = 0;
		};
		1107943EAE28F48C811007F4 /* [CP] Embed Pods Frameworks */ = {
			isa = PBXShellScriptBuildPhase;
			buildActionMask = 2147483647;
			files = (
			);
			inputPaths = (
				"${SRCROOT}/Pods/Target Support Files/Pods-Swish/Pods-Swish-frameworks.sh",
				"${BUILT_PRODUCTS_DIR}/Alamofire/Alamofire.framework",
				"${BUILT_PRODUCTS_DIR}/reddift/reddift.framework",
			);
			name = "[CP] Embed Pods Frameworks";
			outputPaths = (
				"${TARGET_BUILD_DIR}/${FRAMEWORKS_FOLDER_PATH}/Alamofire.framework",
				"${TARGET_BUILD_DIR}/${FRAMEWORKS_FOLDER_PATH}/reddift.framework",
			);
			runOnlyForDeploymentPostprocessing = 0;
			shellPath = /bin/sh;
			shellScript = "\"${SRCROOT}/Pods/Target Support Files/Pods-Swish/Pods-Swish-frameworks.sh\"\n";
			showEnvVarsInLog = 0;
		};
		1628CA79A359E7589A8FBA9F /* [CP] Check Pods Manifest.lock */ = {
			isa = PBXShellScriptBuildPhase;
			buildActionMask = 2147483647;
			files = (
			);
			inputPaths = (
				"${PODS_PODFILE_DIR_PATH}/Podfile.lock",
				"${PODS_ROOT}/Manifest.lock",
			);
			name = "[CP] Check Pods Manifest.lock";
			outputPaths = (
				"$(DERIVED_FILE_DIR)/Pods-SwishTests-checkManifestLockResult.txt",
			);
			runOnlyForDeploymentPostprocessing = 0;
			shellPath = /bin/sh;
			shellScript = "diff \"${PODS_PODFILE_DIR_PATH}/Podfile.lock\" \"${PODS_ROOT}/Manifest.lock\" > /dev/null\nif [ $? != 0 ] ; then\n    # print error to STDERR\n    echo \"error: The sandbox is not in sync with the Podfile.lock. Run 'pod install' or update your CocoaPods installation.\" >&2\n    exit 1\nfi\n# This output is used by Xcode 'outputs' to avoid re-running this script phase.\necho \"SUCCESS\" > \"${SCRIPT_OUTPUT_FILE_0}\"\n";
			showEnvVarsInLog = 0;
		};
		2FD64441648C5D782FC3E94D /* [CP] Copy Pods Resources */ = {
			isa = PBXShellScriptBuildPhase;
			buildActionMask = 2147483647;
			files = (
			);
			inputPaths = (
			);
			name = "[CP] Copy Pods Resources";
			outputPaths = (
			);
			runOnlyForDeploymentPostprocessing = 0;
			shellPath = /bin/sh;
			shellScript = "\"${SRCROOT}/Pods/Target Support Files/Pods-SwishTests/Pods-SwishTests-resources.sh\"\n";
			showEnvVarsInLog = 0;
		};
		372B7BE38D14B79BEA298787 /* [CP] Check Pods Manifest.lock */ = {
			isa = PBXShellScriptBuildPhase;
			buildActionMask = 2147483647;
			files = (
			);
			inputPaths = (
				"${PODS_PODFILE_DIR_PATH}/Podfile.lock",
				"${PODS_ROOT}/Manifest.lock",
			);
			name = "[CP] Check Pods Manifest.lock";
			outputPaths = (
				"$(DERIVED_FILE_DIR)/Pods-Swish-checkManifestLockResult.txt",
			);
			runOnlyForDeploymentPostprocessing = 0;
			shellPath = /bin/sh;
			shellScript = "diff \"${PODS_PODFILE_DIR_PATH}/Podfile.lock\" \"${PODS_ROOT}/Manifest.lock\" > /dev/null\nif [ $? != 0 ] ; then\n    # print error to STDERR\n    echo \"error: The sandbox is not in sync with the Podfile.lock. Run 'pod install' or update your CocoaPods installation.\" >&2\n    exit 1\nfi\n# This output is used by Xcode 'outputs' to avoid re-running this script phase.\necho \"SUCCESS\" > \"${SCRIPT_OUTPUT_FILE_0}\"\n";
			showEnvVarsInLog = 0;
		};
		98369D41199D97E5E8980F68 /* [CP] Copy Pods Resources */ = {
			isa = PBXShellScriptBuildPhase;
			buildActionMask = 2147483647;
			files = (
			);
			inputPaths = (
			);
			name = "[CP] Copy Pods Resources";
			outputPaths = (
			);
			runOnlyForDeploymentPostprocessing = 0;
			shellPath = /bin/sh;
			shellScript = "\"${SRCROOT}/Pods/Target Support Files/Pods-Swish/Pods-Swish-resources.sh\"\n";
			showEnvVarsInLog = 0;
		};
/* End PBXShellScriptBuildPhase section */

/* Begin PBXSourcesBuildPhase section */
		9BBD83E21F9E7A2100D1C729 /* Sources */ = {
			isa = PBXSourcesBuildPhase;
			buildActionMask = 2147483647;
			files = (
				9B31EC551F9F2BF00079E653 /* GamesViewController.swift in Sources */,
				9BBD84131F9E845D00D1C729 /* Errors.swift in Sources */,
				9B31EC4D1F9F016A0079E653 /* Game.swift in Sources */,
				9B31EC5E1F9F548C0079E653 /* GameCell.swift in Sources */,
				9BBD83EA1F9E7A2200D1C729 /* AppDelegate.swift in Sources */,
				9B31EC501F9F0B7C0079E653 /* MainNavigationController.swift in Sources */,
				9B96C7C41FA3435A00DB11C2 /* StandingsViewController.swift in Sources */,
				9B96C7BC1FA0A51600DB11C2 /* Utility.swift in Sources */,
				9B31EC621F9F55660079E653 /* UICollectionView.swift in Sources */,
				9B96C7BE1FA1CC1800DB11C2 /* UIFont.swift in Sources */,
				9B31EC601F9F54C10079E653 /* GamesView.swift in Sources */,
				9B31EC571F9F2CFB0079E653 /* MainTabsViewController.swift in Sources */,
				9BBD840F1F9E804800D1C729 /* FirebaseService.swift in Sources */,
				9B31EC5C1F9F54280079E653 /* GamesViewDataSource.swift in Sources */,
				9B96C7B51F9FA8CE00DB11C2 /* GamesDataSource.swift in Sources */,
				9B96C7B81FA0A24C00DB11C2 /* GameDetailViewController.swift in Sources */,
				9B31EC5A1F9F53170079E653 /* UIView.swift in Sources */,
				9B96C7C11FA1D51600DB11C2 /* SegmentedControl.swift in Sources */,
				9BBD840D1F9E7FDE00D1C729 /* Constants.swift in Sources */,
				9B96C7BA1FA0A26300DB11C2 /* BoxScoreView.swift in Sources */,
				9B31EC641F9F56670079E653 /* UITableView.swift in Sources */,
				9B96C7B11F9F9FCD00DB11C2 /* Generators.swift in Sources */,
			);
			runOnlyForDeploymentPostprocessing = 0;
		};
		9BBD83F61F9E7A2200D1C729 /* Sources */ = {
			isa = PBXSourcesBuildPhase;
			buildActionMask = 2147483647;
			files = (
				9BBD83FF1F9E7A2200D1C729 /* SwishTests.swift in Sources */,
			);
			runOnlyForDeploymentPostprocessing = 0;
		};
/* End PBXSourcesBuildPhase section */

/* Begin PBXTargetDependency section */
		9BBD83FC1F9E7A2200D1C729 /* PBXTargetDependency */ = {
			isa = PBXTargetDependency;
			target = 9BBD83E51F9E7A2100D1C729 /* Swish */;
			targetProxy = 9BBD83FB1F9E7A2200D1C729 /* PBXContainerItemProxy */;
		};
/* End PBXTargetDependency section */

/* Begin PBXVariantGroup section */
		9BBD83F21F9E7A2200D1C729 /* LaunchScreen.storyboard */ = {
			isa = PBXVariantGroup;
			children = (
				9BBD83F31F9E7A2200D1C729 /* Base */,
			);
			name = LaunchScreen.storyboard;
			sourceTree = "<group>";
		};
/* End PBXVariantGroup section */

/* Begin XCBuildConfiguration section */
		9BBD84011F9E7A2200D1C729 /* Debug */ = {
			isa = XCBuildConfiguration;
			buildSettings = {
				ALWAYS_SEARCH_USER_PATHS = NO;
				CLANG_ANALYZER_NONNULL = YES;
				CLANG_ANALYZER_NUMBER_OBJECT_CONVERSION = YES_AGGRESSIVE;
				CLANG_CXX_LANGUAGE_STANDARD = "gnu++14";
				CLANG_CXX_LIBRARY = "libc++";
				CLANG_ENABLE_MODULES = YES;
				CLANG_ENABLE_OBJC_ARC = YES;
				CLANG_WARN_BLOCK_CAPTURE_AUTORELEASING = YES;
				CLANG_WARN_BOOL_CONVERSION = YES;
				CLANG_WARN_COMMA = YES;
				CLANG_WARN_CONSTANT_CONVERSION = YES;
				CLANG_WARN_DIRECT_OBJC_ISA_USAGE = YES_ERROR;
				CLANG_WARN_DOCUMENTATION_COMMENTS = YES;
				CLANG_WARN_EMPTY_BODY = YES;
				CLANG_WARN_ENUM_CONVERSION = YES;
				CLANG_WARN_INFINITE_RECURSION = YES;
				CLANG_WARN_INT_CONVERSION = YES;
				CLANG_WARN_NON_LITERAL_NULL_CONVERSION = YES;
				CLANG_WARN_OBJC_LITERAL_CONVERSION = YES;
				CLANG_WARN_OBJC_ROOT_CLASS = YES_ERROR;
				CLANG_WARN_RANGE_LOOP_ANALYSIS = YES;
				CLANG_WARN_STRICT_PROTOTYPES = YES;
				CLANG_WARN_SUSPICIOUS_MOVE = YES;
				CLANG_WARN_UNGUARDED_AVAILABILITY = YES_AGGRESSIVE;
				CLANG_WARN_UNREACHABLE_CODE = YES;
				CLANG_WARN__DUPLICATE_METHOD_MATCH = YES;
				CODE_SIGN_IDENTITY = "iPhone Developer";
				COPY_PHASE_STRIP = NO;
				DEBUG_INFORMATION_FORMAT = dwarf;
				ENABLE_STRICT_OBJC_MSGSEND = YES;
				ENABLE_TESTABILITY = YES;
				GCC_C_LANGUAGE_STANDARD = gnu11;
				GCC_DYNAMIC_NO_PIC = NO;
				GCC_NO_COMMON_BLOCKS = YES;
				GCC_OPTIMIZATION_LEVEL = 0;
				GCC_PREPROCESSOR_DEFINITIONS = (
					"DEBUG=1",
					"$(inherited)",
				);
				GCC_WARN_64_TO_32_BIT_CONVERSION = YES;
				GCC_WARN_ABOUT_RETURN_TYPE = YES_ERROR;
				GCC_WARN_UNDECLARED_SELECTOR = YES;
				GCC_WARN_UNINITIALIZED_AUTOS = YES_AGGRESSIVE;
				GCC_WARN_UNUSED_FUNCTION = YES;
				GCC_WARN_UNUSED_VARIABLE = YES;
				IPHONEOS_DEPLOYMENT_TARGET = 11.0;
				MTL_ENABLE_DEBUG_INFO = YES;
				ONLY_ACTIVE_ARCH = YES;
				SDKROOT = iphoneos;
				SWIFT_ACTIVE_COMPILATION_CONDITIONS = DEBUG;
				SWIFT_OPTIMIZATION_LEVEL = "-Onone";
			};
			name = Debug;
		};
		9BBD84021F9E7A2200D1C729 /* Release */ = {
			isa = XCBuildConfiguration;
			buildSettings = {
				ALWAYS_SEARCH_USER_PATHS = NO;
				CLANG_ANALYZER_NONNULL = YES;
				CLANG_ANALYZER_NUMBER_OBJECT_CONVERSION = YES_AGGRESSIVE;
				CLANG_CXX_LANGUAGE_STANDARD = "gnu++14";
				CLANG_CXX_LIBRARY = "libc++";
				CLANG_ENABLE_MODULES = YES;
				CLANG_ENABLE_OBJC_ARC = YES;
				CLANG_WARN_BLOCK_CAPTURE_AUTORELEASING = YES;
				CLANG_WARN_BOOL_CONVERSION = YES;
				CLANG_WARN_COMMA = YES;
				CLANG_WARN_CONSTANT_CONVERSION = YES;
				CLANG_WARN_DIRECT_OBJC_ISA_USAGE = YES_ERROR;
				CLANG_WARN_DOCUMENTATION_COMMENTS = YES;
				CLANG_WARN_EMPTY_BODY = YES;
				CLANG_WARN_ENUM_CONVERSION = YES;
				CLANG_WARN_INFINITE_RECURSION = YES;
				CLANG_WARN_INT_CONVERSION = YES;
				CLANG_WARN_NON_LITERAL_NULL_CONVERSION = YES;
				CLANG_WARN_OBJC_LITERAL_CONVERSION = YES;
				CLANG_WARN_OBJC_ROOT_CLASS = YES_ERROR;
				CLANG_WARN_RANGE_LOOP_ANALYSIS = YES;
				CLANG_WARN_STRICT_PROTOTYPES = YES;
				CLANG_WARN_SUSPICIOUS_MOVE = YES;
				CLANG_WARN_UNGUARDED_AVAILABILITY = YES_AGGRESSIVE;
				CLANG_WARN_UNREACHABLE_CODE = YES;
				CLANG_WARN__DUPLICATE_METHOD_MATCH = YES;
				CODE_SIGN_IDENTITY = "iPhone Developer";
				COPY_PHASE_STRIP = NO;
				DEBUG_INFORMATION_FORMAT = "dwarf-with-dsym";
				ENABLE_NS_ASSERTIONS = NO;
				ENABLE_STRICT_OBJC_MSGSEND = YES;
				GCC_C_LANGUAGE_STANDARD = gnu11;
				GCC_NO_COMMON_BLOCKS = YES;
				GCC_WARN_64_TO_32_BIT_CONVERSION = YES;
				GCC_WARN_ABOUT_RETURN_TYPE = YES_ERROR;
				GCC_WARN_UNDECLARED_SELECTOR = YES;
				GCC_WARN_UNINITIALIZED_AUTOS = YES_AGGRESSIVE;
				GCC_WARN_UNUSED_FUNCTION = YES;
				GCC_WARN_UNUSED_VARIABLE = YES;
				IPHONEOS_DEPLOYMENT_TARGET = 11.0;
				MTL_ENABLE_DEBUG_INFO = NO;
				SDKROOT = iphoneos;
				SWIFT_OPTIMIZATION_LEVEL = "-Owholemodule";
				VALIDATE_PRODUCT = YES;
			};
			name = Release;
		};
		9BBD84041F9E7A2200D1C729 /* Debug */ = {
			isa = XCBuildConfiguration;
			baseConfigurationReference = 00A22DB78ACB4B7423285E16 /* Pods-Swish.debug.xcconfig */;
			buildSettings = {
				ASSETCATALOG_COMPILER_APPICON_NAME = AppIcon;
				CODE_SIGN_STYLE = Automatic;
				INFOPLIST_FILE = Swish/Info.plist;
				LD_RUNPATH_SEARCH_PATHS = "$(inherited) @executable_path/Frameworks";
				PRODUCT_BUNDLE_IDENTIFIER = com.jakebent.Swish;
				PRODUCT_NAME = "$(TARGET_NAME)";
				SWIFT_VERSION = 4.0;
				TARGETED_DEVICE_FAMILY = "1,2";
			};
			name = Debug;
		};
		9BBD84051F9E7A2200D1C729 /* Release */ = {
			isa = XCBuildConfiguration;
			baseConfigurationReference = 194B38EFDD86A8CCB4A7E2CD /* Pods-Swish.release.xcconfig */;
			buildSettings = {
				ASSETCATALOG_COMPILER_APPICON_NAME = AppIcon;
				CODE_SIGN_STYLE = Automatic;
				INFOPLIST_FILE = Swish/Info.plist;
				LD_RUNPATH_SEARCH_PATHS = "$(inherited) @executable_path/Frameworks";
				PRODUCT_BUNDLE_IDENTIFIER = com.jakebent.Swish;
				PRODUCT_NAME = "$(TARGET_NAME)";
				SWIFT_VERSION = 4.0;
				TARGETED_DEVICE_FAMILY = "1,2";
			};
			name = Release;
		};
		9BBD84071F9E7A2200D1C729 /* Debug */ = {
			isa = XCBuildConfiguration;
			baseConfigurationReference = 70BB6D411EB04F8E8880F6D4 /* Pods-SwishTests.debug.xcconfig */;
			buildSettings = {
				ALWAYS_EMBED_SWIFT_STANDARD_LIBRARIES = YES;
				BUNDLE_LOADER = "$(TEST_HOST)";
				CODE_SIGN_STYLE = Automatic;
				INFOPLIST_FILE = SwishTests/Info.plist;
				LD_RUNPATH_SEARCH_PATHS = "$(inherited) @executable_path/Frameworks @loader_path/Frameworks";
				PRODUCT_BUNDLE_IDENTIFIER = com.jakebent.SwishTests;
				PRODUCT_NAME = "$(TARGET_NAME)";
				SWIFT_VERSION = 4.0;
				TARGETED_DEVICE_FAMILY = "1,2";
				TEST_HOST = "$(BUILT_PRODUCTS_DIR)/Swish.app/Swish";
			};
			name = Debug;
		};
		9BBD84081F9E7A2200D1C729 /* Release */ = {
			isa = XCBuildConfiguration;
			baseConfigurationReference = 667EC27DA0E3D17BBF1A3BF2 /* Pods-SwishTests.release.xcconfig */;
			buildSettings = {
				ALWAYS_EMBED_SWIFT_STANDARD_LIBRARIES = YES;
				BUNDLE_LOADER = "$(TEST_HOST)";
				CODE_SIGN_STYLE = Automatic;
				INFOPLIST_FILE = SwishTests/Info.plist;
				LD_RUNPATH_SEARCH_PATHS = "$(inherited) @executable_path/Frameworks @loader_path/Frameworks";
				PRODUCT_BUNDLE_IDENTIFIER = com.jakebent.SwishTests;
				PRODUCT_NAME = "$(TARGET_NAME)";
				SWIFT_VERSION = 4.0;
				TARGETED_DEVICE_FAMILY = "1,2";
				TEST_HOST = "$(BUILT_PRODUCTS_DIR)/Swish.app/Swish";
			};
			name = Release;
		};
/* End XCBuildConfiguration section */

/* Begin XCConfigurationList section */
		9BBD83E11F9E7A2100D1C729 /* Build configuration list for PBXProject "Swish" */ = {
			isa = XCConfigurationList;
			buildConfigurations = (
				9BBD84011F9E7A2200D1C729 /* Debug */,
				9BBD84021F9E7A2200D1C729 /* Release */,
			);
			defaultConfigurationIsVisible = 0;
			defaultConfigurationName = Release;
		};
		9BBD84031F9E7A2200D1C729 /* Build configuration list for PBXNativeTarget "Swish" */ = {
			isa = XCConfigurationList;
			buildConfigurations = (
				9BBD84041F9E7A2200D1C729 /* Debug */,
				9BBD84051F9E7A2200D1C729 /* Release */,
			);
			defaultConfigurationIsVisible = 0;
			defaultConfigurationName = Release;
		};
		9BBD84061F9E7A2200D1C729 /* Build configuration list for PBXNativeTarget "SwishTests" */ = {
			isa = XCConfigurationList;
			buildConfigurations = (
				9BBD84071F9E7A2200D1C729 /* Debug */,
				9BBD84081F9E7A2200D1C729 /* Release */,
			);
			defaultConfigurationIsVisible = 0;
			defaultConfigurationName = Release;
		};
/* End XCConfigurationList section */
	};
	rootObject = 9BBD83DE1F9E7A2100D1C729 /* Project object */;
}
